// !$*UTF8*$!
{
	archiveVersion = 1;
	classes = {
	};
	objectVersion = 46;
	objects = {

/* Begin PBXBuildFile section */
		FADD01AD1BBA1DC200CF99CC /* main.cpp in Sources */ = {isa = PBXBuildFile; fileRef = FADD01AC1BBA1DC200CF99CC /* main.cpp */; };
/* End PBXBuildFile section */

/* Begin PBXCopyFilesBuildPhase section */
		FADD01A71BBA1DC200CF99CC /* CopyFiles */ = {
			isa = PBXCopyFilesBuildPhase;
			buildActionMask = 2147483647;
			dstPath = /usr/share/man/man1/;
			dstSubfolderSpec = 0;
			files = (
			);
			runOnlyForDeploymentPostprocessing = 1;
		};
/* End PBXCopyFilesBuildPhase section */

/* Begin PBXFileReference section */
		FADD01A91BBA1DC200CF99CC /* BTreeInDisk */ = {isa = PBXFileReference; explicitFileType = "compiled.mach-o.executable"; includeInIndex = 0; path = BTreeInDisk; sourceTree = BUILT_PRODUCTS_DIR; };
		FADD01AC1BBA1DC200CF99CC /* main.cpp */ = {isa = PBXFileReference; lastKnownFileType = sourcecode.cpp.cpp; path = main.cpp; sourceTree = "<group>"; };
		FADD01B31BBA1DE600CF99CC /* BTreeInDisk.h */ = {isa = PBXFileReference; lastKnownFileType = sourcecode.c.h; path = BTreeInDisk.h; sourceTree = "<group>"; };
/* End PBXFileReference section */

/* Begin PBXFrameworksBuildPhase section */
		FADD01A61BBA1DC200CF99CC /* Frameworks */ = {
			isa = PBXFrameworksBuildPhase;
			buildActionMask = 2147483647;
			files = (
			);
			runOnlyForDeploymentPostprocessing = 0;
		};
/* End PBXFrameworksBuildPhase section */

/* Begin PBXGroup section */
		FADD01A01BBA1DC200CF99CC = {
			isa = PBXGroup;
			children = (
				FADD01AB1BBA1DC200CF99CC /* BTreeInDisk */,
				FADD01AA1BBA1DC200CF99CC /* Products */,
			);
			sourceTree = "<group>";
		};
		FADD01AA1BBA1DC200CF99CC /* Products */ = {
			isa = PBXGroup;
			children = (
				FADD01A91BBA1DC200CF99CC /* BTreeInDisk */,
			);
			name = Products;
			sourceTree = "<group>";
		};
		FADD01AB1BBA1DC200CF99CC /* BTreeInDisk */ = {
			isa = PBXGroup;
			children = (
				FADD01AC1BBA1DC200CF99CC /* main.cpp */,
				FADD01B31BBA1DE600CF99CC /* BTreeInDisk.h */,
			);
			path = BTreeInDisk;
			sourceTree = "<group>";
		};
/* End PBXGroup section */

/* Begin PBXNativeTarget section */
		FADD01A81BBA1DC200CF99CC /* BTreeInDisk */ = {
			isa = PBXNativeTarget;
			buildConfigurationList = FADD01B01BBA1DC200CF99CC /* Build configuration list for PBXNativeTarget "BTreeInDisk" */;
			buildPhases = (
				FADD01A51BBA1DC200CF99CC /* Sources */,
				FADD01A61BBA1DC200CF99CC /* Frameworks */,
				FADD01A71BBA1DC200CF99CC /* CopyFiles */,
			);
			buildRules = (
			);
			dependencies = (
			);
			name = BTreeInDisk;
			productName = BTreeInDisk;
			productReference = FADD01A91BBA1DC200CF99CC /* BTreeInDisk */;
			productType = "com.apple.product-type.tool";
		};
/* End PBXNativeTarget section */

/* Begin PBXProject section */
		FADD01A11BBA1DC200CF99CC /* Project object */ = {
			isa = PBXProject;
			attributes = {
				LastUpgradeCheck = 0700;
				ORGANIZATIONNAME = "Jonathan Ginsburg";
				TargetAttributes = {
					FADD01A81BBA1DC200CF99CC = {
						CreatedOnToolsVersion = 7.0;
					};
				};
			};
			buildConfigurationList = FADD01A41BBA1DC200CF99CC /* Build configuration list for PBXProject "BTreeInDisk" */;
			compatibilityVersion = "Xcode 3.2";
			developmentRegion = English;
			hasScannedForEncodings = 0;
			knownRegions = (
				en,
			);
			mainGroup = FADD01A01BBA1DC200CF99CC;
			productRefGroup = FADD01AA1BBA1DC200CF99CC /* Products */;
			projectDirPath = "";
			projectRoot = "";
			targets = (
				FADD01A81BBA1DC200CF99CC /* BTreeInDisk */,
			);
		};
/* End PBXProject section */

/* Begin PBXSourcesBuildPhase section */
		FADD01A51BBA1DC200CF99CC /* Sources */ = {
			isa = PBXSourcesBuildPhase;
			buildActionMask = 2147483647;
			files = (
				FADD01AD1BBA1DC200CF99CC /* main.cpp in Sources */,
			);
			runOnlyForDeploymentPostprocessing = 0;
		};
/* End PBXSourcesBuildPhase section */

/* Begin XCBuildConfiguration section */
		FADD01AE1BBA1DC200CF99CC /* Debug */ = {
			isa = XCBuildConfiguration;
			buildSettings = {
				ALWAYS_SEARCH_USER_PATHS = NO;
				CLANG_CXX_LANGUAGE_STANDARD = "gnu++0x";
				CLANG_CXX_LIBRARY = "libc++";
				CLANG_ENABLE_MODULES = YES;
				CLANG_ENABLE_OBJC_ARC = YES;
				CLANG_WARN_BOOL_CONVERSION = YES;
				CLANG_WARN_CONSTANT_CONVERSION = YES;
				CLANG_WARN_DIRECT_OBJC_ISA_USAGE = YES_ERROR;
				CLANG_WARN_EMPTY_BODY = YES;
				CLANG_WARN_ENUM_CONVERSION = YES;
				CLANG_WARN_INT_CONVERSION = YES;
				CLANG_WARN_OBJC_ROOT_CLASS = YES_ERROR;
				CLANG_WARN_UNREACHABLE_CODE = YES;
				CLANG_WARN__DUPLICATE_METHOD_MATCH = YES;
				COPY_PHASE_STRIP = NO;
				DEBUG_INFORMATION_FORMAT = dwarf;
				ENABLE_STRICT_OBJC_MSGSEND = YES;
				ENABLE_TESTABILITY = YES;
				GCC_C_LANGUAGE_STANDARD = gnu99;
				GCC_DYNAMIC_NO_PIC = NO;
				GCC_NO_COMMON_BLOCKS = YES;
				GCC_OPTIMIZATION_LEVEL = 0;
				GCC_PREPROCESSOR_DEFINITIONS = (
					"DEBUG=1",
					"$(inherited)",
				);
				GCC_WARN_64_TO_32_BIT_CONVERSION = YES;
				GCC_WARN_ABOUT_RETURN_TYPE = YES_ERROR;
				GCC_WARN_UNDECLARED_SELECTOR = YES;
				GCC_WARN_UNINITIALIZED_AUTOS = YES_AGGRESSIVE;
				GCC_WARN_UNUSED_FUNCTION = YES;
				GCC_WARN_UNUSED_VARIABLE = YES;
				MACOSX_DEPLOYMENT_TARGET = 10.10;
				MTL_ENABLE_DEBUG_INFO = YES;
				ONLY_ACTIVE_ARCH = YES;
				SDKROOT = macosx;
			};
			name = Debug;
		};
		FADD01AF1BBA1DC200CF99CC /* Release */ = {
			isa = XCBuildConfiguration;
			buildSettings = {
				ALWAYS_SEARCH_USER_PATHS = NO;
				CLANG_CXX_LANGUAGE_STANDARD = "gnu++0x";
				CLANG_CXX_LIBRARY = "libc++";
				CLANG_ENABLE_MODULES = YES;
				CLANG_ENABLE_OBJC_ARC = YES;
				CLANG_WARN_BOOL_CONVERSION = YES;
				CLANG_WARN_CONSTANT_CONVERSION = YES;
				CLANG_WARN_DIRECT_OBJC_ISA_USAGE = YES_ERROR;
				CLANG_WARN_EMPTY_BODY = YES;
				CLANG_WARN_ENUM_CONVERSION = YES;
				CLANG_WARN_INT_CONVERSION = YES;
				CLANG_WARN_OBJC_ROOT_CLASS = YES_ERROR;
				CLANG_WARN_UNREACHABLE_CODE = YES;
				CLANG_WARN__DUPLICATE_METHOD_MATCH = YES;
				COPY_PHASE_STRIP = NO;
				DEBUG_INFORMATION_FORMAT = "dwarf-with-dsym";
				ENABLE_NS_ASSERTIONS = NO;
				ENABLE_STRICT_OBJC_MSGSEND = YES;
				GCC_C_LANGUAGE_STANDARD = gnu99;
				GCC_NO_COMMON_BLOCKS = YES;
				GCC_WARN_64_TO_32_BIT_CONVERSION = YES;
				GCC_WARN_ABOUT_RETURN_TYPE = YES_ERROR;
				GCC_WARN_UNDECLARED_SELECTOR = YES;
				GCC_WARN_UNINITIALIZED_AUTOS = YES_AGGRESSIVE;
				GCC_WARN_UNUSED_FUNCTION = YES;
				GCC_WARN_UNUSED_VARIABLE = YES;
				MACOSX_DEPLOYMENT_TARGET = 10.10;
				MTL_ENABLE_DEBUG_INFO = NO;
				SDKROOT = macosx;
			};
			name = Release;
		};
		FADD01B11BBA1DC200CF99CC /* Debug */ = {
			isa = XCBuildConfiguration;
			buildSettings = {
				PRODUCT_NAME = "$(TARGET_NAME)";
			};
			name = Debug;
		};
		FADD01B21BBA1DC200CF99CC /* Release */ = {
			isa = XCBuildConfiguration;
			buildSettings = {
				PRODUCT_NAME = "$(TARGET_NAME)";
			};
			name = Release;
		};
/* End XCBuildConfiguration section */

/* Begin XCConfigurationList section */
		FADD01A41BBA1DC200CF99CC /* Build configuration list for PBXProject "BTreeInDisk" */ = {
			isa = XCConfigurationList;
			buildConfigurations = (
				FADD01AE1BBA1DC200CF99CC /* Debug */,
				FADD01AF1BBA1DC200CF99CC /* Release */,
			);
			defaultConfigurationIsVisible = 0;
			defaultConfigurationName = Release;
		};
		FADD01B01BBA1DC200CF99CC /* Build configuration list for PBXNativeTarget "BTreeInDisk" */ = {
			isa = XCConfigurationList;
			buildConfigurations = (
				FADD01B11BBA1DC200CF99CC /* Debug */,
				FADD01B21BBA1DC200CF99CC /* Release */,
			);
			defaultConfigurationIsVisible = 0;
		};
/* End XCConfigurationList section */
	};
	rootObject = FADD01A11BBA1DC200CF99CC /* Project object */;
}
